
Microsoft Visual Studio Solution File, Format Version 12.00
# Visual Studio Version 17
VisualStudioVersion = 17.4.33205.214
MinimumVisualStudioVersion = 10.0.40219.1
Project("{FAE04EC0-301F-11D3-BF4B-00C04F79EFBC}") = "Geometry", "Geometry\Geometry.csproj", "{D97DB7C5-DE90-4164-93C8-BC3D977690E6}"
EndProject
Project("{FAE04EC0-301F-11D3-BF4B-00C04F79EFBC}") = "Geometry.Tests", "Geometry.Tests\Geometry.Tests.csproj", "{EBFE80F7-09C0-4A16-8733-D6516ADE97FB}"
EndProject
Global
	GlobalSection(SolutionConfigurationPlatforms) = preSolution
		Debug|Any CPU = Debug|Any CPU
		Release|Any CPU = Release|Any CPU
	EndGlobalSection
	GlobalSection(ProjectConfigurationPlatforms) = postSolution
		{D97DB7C5-DE90-4164-93C8-BC3D977690E6}.Debug|Any CPU.ActiveCfg = Debug|Any CPU
		{D97DB7C5-DE90-4164-93C8-BC3D977690E6}.Debug|Any CPU.Build.0 = Debug|Any CPU
		{D97DB7C5-DE90-4164-93C8-BC3D977690E6}.Release|Any CPU.ActiveCfg = Release|Any CPU
		{D97DB7C5-DE90-4164-93C8-BC3D977690E6}.Release|Any CPU.Build.0 = Release|Any CPU
		{EBFE80F7-09C0-4A16-8733-D6516ADE97FB}.Debug|Any CPU.ActiveCfg = Debug|Any CPU
		{EBFE80F7-09C0-4A16-8733-D6516ADE97FB}.Debug|Any CPU.Build.0 = Debug|Any CPU
		{EBFE80F7-09C0-4A16-8733-D6516ADE97FB}.Release|Any CPU.ActiveCfg = Release|Any CPU
		{EBFE80F7-09C0-4A16-8733-D6516ADE97FB}.Release|Any CPU.Build.0 = Release|Any CPU
	EndGlobalSection
	GlobalSection(SolutionProperties) = preSolution
		HideSolutionNode = FALSE
	EndGlobalSection
	GlobalSection(ExtensibilityGlobals) = postSolution
		SolutionGuid = {A13A1EA0-FFD2-426B-9BC3-F64C208E302C}
	EndGlobalSection
EndGlobal
